github.com/nolssmit/dog v0.0.0-20230904130037-efd4c76d211b h1:SdbPLTfAaK9TawThChZDKcRl7p/U2QDBhZHDDN6daeo=
github.com/nolssmit/dog v0.0.0-20230904130037-efd4c76d211b/go.mod h1:fboA1WmM6bBl1GmbkoU7BG00LwvDCcbeZcPCWcmxVCs=
github.com/nolssmit/dog v0.0.0-20230904132008-953c5292569c h1:TnleF0XxMMkQpNOwVM6NO0+7NqnISwmMwJLcpjjj4C0=
github.com/nolssmit/dog v0.0.0-20230904132008-953c5292569c/go.mod h1:fboA1WmM6bBl1GmbkoU7BG00LwvDCcbeZcPCWcmxVCs=
